
Microsoft Visual Studio Solution File, Format Version 12.00
# Visual Studio Version 17
VisualStudioVersion = 17.3.32804.467
MinimumVisualStudioVersion = 10.0.40219.1
Project("{FAE04EC0-301F-11D3-BF4B-00C04F79EFBC}") = "WpfAppTextClassification", "WpfAppTextClassification.csproj", "{1978F926-35FA-4202-A477-335320A1C237}"
EndProject
Project("{FAE04EC0-301F-11D3-BF4B-00C04F79EFBC}") = "TestProject", "..\TestProject\TestProject.csproj", "{D8E91FF3-A17D-4C41-9E74-142E7E3BC8AD}"
EndProject
Global
	GlobalSection(SolutionConfigurationPlatforms) = preSolution
		Debug|Any CPU = Debug|Any CPU
		Release|Any CPU = Release|Any CPU
	EndGlobalSection
	GlobalSection(ProjectConfigurationPlatforms) = postSolution
		{1978F926-35FA-4202-A477-335320A1C237}.Debug|Any CPU.ActiveCfg = Debug|Any CPU
		{1978F926-35FA-4202-A477-335320A1C237}.Debug|Any CPU.Build.0 = Debug|Any CPU
		{1978F926-35FA-4202-A477-335320A1C237}.Release|Any CPU.ActiveCfg = Release|Any CPU
		{1978F926-35FA-4202-A477-335320A1C237}.Release|Any CPU.Build.0 = Release|Any CPU
		{D8E91FF3-A17D-4C41-9E74-142E7E3BC8AD}.Debug|Any CPU.ActiveCfg = Debug|Any CPU
		{D8E91FF3-A17D-4C41-9E74-142E7E3BC8AD}.Debug|Any CPU.Build.0 = Debug|Any CPU
		{D8E91FF3-A17D-4C41-9E74-142E7E3BC8AD}.Release|Any CPU.ActiveCfg = Release|Any CPU
		{D8E91FF3-A17D-4C41-9E74-142E7E3BC8AD}.Release|Any CPU.Build.0 = Release|Any CPU
	EndGlobalSection
	GlobalSection(SolutionProperties) = preSolution
		HideSolutionNode = FALSE
	EndGlobalSection
	GlobalSection(ExtensibilityGlobals) = postSolution
		SolutionGuid = {99704495-28A8-468D-8107-6EB58748752C}
	EndGlobalSection
EndGlobal
